// !$*UTF8*$!
{
	archiveVersion = 1;
	classes = {
	};
	objectVersion = 56;
	objects = {

/* Begin PBXBuildFile section */
		C605E8EF2BF2338D0096ABB7 /* Sport.swift in Sources */ = {isa = PBXBuildFile; fileRef = C605E8EE2BF2338D0096ABB7 /* Sport.swift */; };
		C605E8F92BF234850096ABB7 /* SportsDataSource.swift in Sources */ = {isa = PBXBuildFile; fileRef = C605E8F82BF234850096ABB7 /* SportsDataSource.swift */; };
		C605E8FB2BF234A20096ABB7 /* LocalSportsDataSource.swift in Sources */ = {isa = PBXBuildFile; fileRef = C605E8FA2BF234A20096ABB7 /* LocalSportsDataSource.swift */; };
		C605E8FD2BF234BA0096ABB7 /* SportsViewModel.swift in Sources */ = {isa = PBXBuildFile; fileRef = C605E8FC2BF234BA0096ABB7 /* SportsViewModel.swift */; };
		C605E9072BF237960096ABB7 /* SportsDependencyProvider.swift in Sources */ = {isa = PBXBuildFile; fileRef = C605E9062BF237960096ABB7 /* SportsDependencyProvider.swift */; };
		C605E9112BF24C630096ABB7 /* SportsCollectionViewCell.xib in Resources */ = {isa = PBXBuildFile; fileRef = C605E9102BF24C630096ABB7 /* SportsCollectionViewCell.xib */; };
		C605E9122BF24C630096ABB7 /* SportsCollectionViewCell.swift in Sources */ = {isa = PBXBuildFile; fileRef = C605E90F2BF24C630096ABB7 /* SportsCollectionViewCell.swift */; };
		C605E9182BF252A00096ABB7 /* LeaguesViewController.swift in Sources */ = {isa = PBXBuildFile; fileRef = C605E9172BF252A00096ABB7 /* LeaguesViewController.swift */; };
		C605E91A2BF252BF0096ABB7 /* LeaguesViewModel.swift in Sources */ = {isa = PBXBuildFile; fileRef = C605E9192BF252BF0096ABB7 /* LeaguesViewModel.swift */; };
		C605E91C2BF252EB0096ABB7 /* LocalDataSource.swift in Sources */ = {isa = PBXBuildFile; fileRef = C605E91B2BF252EB0096ABB7 /* LocalDataSource.swift */; };
		C605E9202BF253CA0096ABB7 /* League.swift in Sources */ = {isa = PBXBuildFile; fileRef = C605E91F2BF253CA0096ABB7 /* League.swift */; };
		C605E9222BF253E80096ABB7 /* Leagues.swift in Sources */ = {isa = PBXBuildFile; fileRef = C605E9212BF253E80096ABB7 /* Leagues.swift */; };
		C605E9242BF255AD0096ABB7 /* SportsLocalDataSource.swift in Sources */ = {isa = PBXBuildFile; fileRef = C605E9232BF255AD0096ABB7 /* SportsLocalDataSource.swift */; };
		C605E92B2BF25A220096ABB7 /* LeagueTableViewCell.xib in Resources */ = {isa = PBXBuildFile; fileRef = C605E92A2BF25A220096ABB7 /* LeagueTableViewCell.xib */; };
		C605E92C2BF25A220096ABB7 /* LeagueTableViewCell.swift in Sources */ = {isa = PBXBuildFile; fileRef = C605E9292BF25A220096ABB7 /* LeagueTableViewCell.swift */; };
		C605E9442BF26E7D0096ABB7 /* TeamViewModel.swift in Sources */ = {isa = PBXBuildFile; fileRef = C605E9432BF26E7D0096ABB7 /* TeamViewModel.swift */; };
		C605E9472BF26ECA0096ABB7 /* TeamViewController.swift in Sources */ = {isa = PBXBuildFile; fileRef = C605E9462BF26ECA0096ABB7 /* TeamViewController.swift */; };
		C686CE5F2BF4ED7500198EBA /* MockNetworkService.swift in Sources */ = {isa = PBXBuildFile; fileRef = C686CE5E2BF4ED7500198EBA /* MockNetworkService.swift */; };
		C686CE612BF4EECF00198EBA /* TestLeaguesMocking.swift in Sources */ = {isa = PBXBuildFile; fileRef = C686CE602BF4EECF00198EBA /* TestLeaguesMocking.swift */; };
		CA66B0782BF4B8BC005ABAC9 /* TeamsCollectionViewCell.swift in Sources */ = {isa = PBXBuildFile; fileRef = CA66B0772BF4B8BC005ABAC9 /* TeamsCollectionViewCell.swift */; };
		CA7CC4A62BF226A4005F7ABF /* AppDelegate.swift in Sources */ = {isa = PBXBuildFile; fileRef = CA7CC4A52BF226A4005F7ABF /* AppDelegate.swift */; };
		CA7CC4A82BF226A4005F7ABF /* SceneDelegate.swift in Sources */ = {isa = PBXBuildFile; fileRef = CA7CC4A72BF226A4005F7ABF /* SceneDelegate.swift */; };
		CA7CC4AA2BF226A4005F7ABF /* SportsViewController.swift in Sources */ = {isa = PBXBuildFile; fileRef = CA7CC4A92BF226A4005F7ABF /* SportsViewController.swift */; };
		CA7CC4AD2BF226A4005F7ABF /* Base in Resources */ = {isa = PBXBuildFile; fileRef = CA7CC4AC2BF226A4005F7ABF /* Base */; };
		CA7CC4B02BF226A4005F7ABF /* SportsEvents.xcdatamodeld in Sources */ = {isa = PBXBuildFile; fileRef = CA7CC4AE2BF226A4005F7ABF /* SportsEvents.xcdatamodeld */; };
		CA7CC4B22BF226A6005F7ABF /* Assets.xcassets in Resources */ = {isa = PBXBuildFile; fileRef = CA7CC4B12BF226A6005F7ABF /* Assets.xcassets */; };
		CA7CC4B52BF226A6005F7ABF /* Base in Resources */ = {isa = PBXBuildFile; fileRef = CA7CC4B42BF226A6005F7ABF /* Base */; };
		CA7CC4C02BF226A7005F7ABF /* SportsEventsTests.swift in Sources */ = {isa = PBXBuildFile; fileRef = CA7CC4BF2BF226A7005F7ABF /* SportsEventsTests.swift */; };
		CA7CC4CA2BF226A7005F7ABF /* SportsEventsUITests.swift in Sources */ = {isa = PBXBuildFile; fileRef = CA7CC4C92BF226A7005F7ABF /* SportsEventsUITests.swift */; };
		CA7CC4CC2BF226A7005F7ABF /* SportsEventsUITestsLaunchTests.swift in Sources */ = {isa = PBXBuildFile; fileRef = CA7CC4CB2BF226A7005F7ABF /* SportsEventsUITestsLaunchTests.swift */; };
		CA7CC4DA2BF22A1F005F7ABF /* Alamofire in Frameworks */ = {isa = PBXBuildFile; productRef = CA7CC4D92BF22A1F005F7ABF /* Alamofire */; };
		CA7CC4DC2BF22A1F005F7ABF /* AlamofireDynamic in Frameworks */ = {isa = PBXBuildFile; productRef = CA7CC4DB2BF22A1F005F7ABF /* AlamofireDynamic */; };
		CA7CC4DF2BF22A30005F7ABF /* Reachability in Frameworks */ = {isa = PBXBuildFile; productRef = CA7CC4DE2BF22A30005F7ABF /* Reachability */; };
		CA7CC4E22BF22A49005F7ABF /* Kingfisher in Frameworks */ = {isa = PBXBuildFile; productRef = CA7CC4E12BF22A49005F7ABF /* Kingfisher */; };
		CA7CC4F02BF2332C005F7ABF /* LeagueDetailsViewController.swift in Sources */ = {isa = PBXBuildFile; fileRef = CA7CC4EF2BF2332C005F7ABF /* LeagueDetailsViewController.swift */; };
		CA7CC4F42BF23361005F7ABF /* LeagueDetailsViewModel.swift in Sources */ = {isa = PBXBuildFile; fileRef = CA7CC4F32BF23361005F7ABF /* LeagueDetailsViewModel.swift */; };
		CA7CC4F82BF23C4F005F7ABF /* API_URLs.swift in Sources */ = {isa = PBXBuildFile; fileRef = CA7CC4F72BF23C4F005F7ABF /* API_URLs.swift */; };
		CA7CC4FA2BF23C66005F7ABF /* ApiService.swift in Sources */ = {isa = PBXBuildFile; fileRef = CA7CC4F92BF23C66005F7ABF /* ApiService.swift */; };
		CA7CC4FC2BF23C78005F7ABF /* SportsApi.swift in Sources */ = {isa = PBXBuildFile; fileRef = CA7CC4FB2BF23C78005F7ABF /* SportsApi.swift */; };
		CA7CC4FE2BF23CDC005F7ABF /* EventsResponse.swift in Sources */ = {isa = PBXBuildFile; fileRef = CA7CC4FD2BF23CDC005F7ABF /* EventsResponse.swift */; };
		CA7CC5022BF2469A005F7ABF /* TeamResponse.swift in Sources */ = {isa = PBXBuildFile; fileRef = CA7CC5012BF2469A005F7ABF /* TeamResponse.swift */; };
		CA7CC5062BF24E89005F7ABF /* UpComingEventsCollectionViewCell.swift in Sources */ = {isa = PBXBuildFile; fileRef = CA7CC5032BF24E89005F7ABF /* UpComingEventsCollectionViewCell.swift */; };
		CAEC325F2BF3AEC200AA604D /* LatestResultsCollectionViewCell.swift in Sources */ = {isa = PBXBuildFile; fileRef = CAEC325E2BF3AEC200AA604D /* LatestResultsCollectionViewCell.swift */; };
/* End PBXBuildFile section */

/* Begin PBXContainerItemProxy section */
		CA7CC4BC2BF226A7005F7ABF /* PBXContainerItemProxy */ = {
			isa = PBXContainerItemProxy;
			containerPortal = CA7CC49A2BF226A4005F7ABF /* Project object */;
			proxyType = 1;
			remoteGlobalIDString = CA7CC4A12BF226A4005F7ABF;
			remoteInfo = SportsEvents;
		};
		CA7CC4C62BF226A7005F7ABF /* PBXContainerItemProxy */ = {
			isa = PBXContainerItemProxy;
			containerPortal = CA7CC49A2BF226A4005F7ABF /* Project object */;
			proxyType = 1;
			remoteGlobalIDString = CA7CC4A12BF226A4005F7ABF;
			remoteInfo = SportsEvents;
		};
/* End PBXContainerItemProxy section */

/* Begin PBXFileReference section */
		C605E8EE2BF2338D0096ABB7 /* Sport.swift */ = {isa = PBXFileReference; lastKnownFileType = sourcecode.swift; path = Sport.swift; sourceTree = "<group>"; };
		C605E8F82BF234850096ABB7 /* SportsDataSource.swift */ = {isa = PBXFileReference; lastKnownFileType = sourcecode.swift; path = SportsDataSource.swift; sourceTree = "<group>"; };
		C605E8FA2BF234A20096ABB7 /* LocalSportsDataSource.swift */ = {isa = PBXFileReference; lastKnownFileType = sourcecode.swift; path = LocalSportsDataSource.swift; sourceTree = "<group>"; };
		C605E8FC2BF234BA0096ABB7 /* SportsViewModel.swift */ = {isa = PBXFileReference; lastKnownFileType = sourcecode.swift; path = SportsViewModel.swift; sourceTree = "<group>"; };
		C605E9062BF237960096ABB7 /* SportsDependencyProvider.swift */ = {isa = PBXFileReference; lastKnownFileType = sourcecode.swift; name = SportsDependencyProvider.swift; path = SportsEvents/Data/Model/SportsDependencyProvider.swift; sourceTree = SOURCE_ROOT; };
		C605E90F2BF24C630096ABB7 /* SportsCollectionViewCell.swift */ = {isa = PBXFileReference; lastKnownFileType = sourcecode.swift; path = SportsCollectionViewCell.swift; sourceTree = "<group>"; };
		C605E9102BF24C630096ABB7 /* SportsCollectionViewCell.xib */ = {isa = PBXFileReference; lastKnownFileType = file.xib; path = SportsCollectionViewCell.xib; sourceTree = "<group>"; };
		C605E9172BF252A00096ABB7 /* LeaguesViewController.swift */ = {isa = PBXFileReference; lastKnownFileType = sourcecode.swift; path = LeaguesViewController.swift; sourceTree = "<group>"; };
		C605E9192BF252BF0096ABB7 /* LeaguesViewModel.swift */ = {isa = PBXFileReference; lastKnownFileType = sourcecode.swift; path = LeaguesViewModel.swift; sourceTree = "<group>"; };
		C605E91B2BF252EB0096ABB7 /* LocalDataSource.swift */ = {isa = PBXFileReference; lastKnownFileType = sourcecode.swift; path = LocalDataSource.swift; sourceTree = "<group>"; };
		C605E91F2BF253CA0096ABB7 /* League.swift */ = {isa = PBXFileReference; lastKnownFileType = sourcecode.swift; path = League.swift; sourceTree = "<group>"; };
		C605E9212BF253E80096ABB7 /* Leagues.swift */ = {isa = PBXFileReference; lastKnownFileType = sourcecode.swift; path = Leagues.swift; sourceTree = "<group>"; };
		C605E9232BF255AD0096ABB7 /* SportsLocalDataSource.swift */ = {isa = PBXFileReference; lastKnownFileType = sourcecode.swift; path = SportsLocalDataSource.swift; sourceTree = "<group>"; };
		C605E9292BF25A220096ABB7 /* LeagueTableViewCell.swift */ = {isa = PBXFileReference; lastKnownFileType = sourcecode.swift; path = LeagueTableViewCell.swift; sourceTree = "<group>"; };
		C605E92A2BF25A220096ABB7 /* LeagueTableViewCell.xib */ = {isa = PBXFileReference; lastKnownFileType = file.xib; path = LeagueTableViewCell.xib; sourceTree = "<group>"; };
		C605E9432BF26E7D0096ABB7 /* TeamViewModel.swift */ = {isa = PBXFileReference; lastKnownFileType = sourcecode.swift; path = TeamViewModel.swift; sourceTree = "<group>"; };
		C605E9462BF26ECA0096ABB7 /* TeamViewController.swift */ = {isa = PBXFileReference; lastKnownFileType = sourcecode.swift; path = TeamViewController.swift; sourceTree = "<group>"; };
		C686CE5E2BF4ED7500198EBA /* MockNetworkService.swift */ = {isa = PBXFileReference; lastKnownFileType = sourcecode.swift; path = MockNetworkService.swift; sourceTree = "<group>"; };
		C686CE602BF4EECF00198EBA /* TestLeaguesMocking.swift */ = {isa = PBXFileReference; lastKnownFileType = sourcecode.swift; path = TestLeaguesMocking.swift; sourceTree = "<group>"; };
		CA66B0772BF4B8BC005ABAC9 /* TeamsCollectionViewCell.swift */ = {isa = PBXFileReference; lastKnownFileType = sourcecode.swift; path = TeamsCollectionViewCell.swift; sourceTree = "<group>"; };
		CA7CC4A22BF226A4005F7ABF /* SportsEvents.app */ = {isa = PBXFileReference; explicitFileType = wrapper.application; includeInIndex = 0; path = SportsEvents.app; sourceTree = BUILT_PRODUCTS_DIR; };
		CA7CC4A52BF226A4005F7ABF /* AppDelegate.swift */ = {isa = PBXFileReference; lastKnownFileType = sourcecode.swift; path = AppDelegate.swift; sourceTree = "<group>"; };
		CA7CC4A72BF226A4005F7ABF /* SceneDelegate.swift */ = {isa = PBXFileReference; lastKnownFileType = sourcecode.swift; path = SceneDelegate.swift; sourceTree = "<group>"; };
		CA7CC4A92BF226A4005F7ABF /* SportsViewController.swift */ = {isa = PBXFileReference; lastKnownFileType = sourcecode.swift; path = SportsViewController.swift; sourceTree = "<group>"; };
		CA7CC4AC2BF226A4005F7ABF /* Base */ = {isa = PBXFileReference; lastKnownFileType = file.storyboard; name = Base; path = Base.lproj/Main.storyboard; sourceTree = "<group>"; };
		CA7CC4AF2BF226A4005F7ABF /* SportsEvents.xcdatamodel */ = {isa = PBXFileReference; lastKnownFileType = wrapper.xcdatamodel; path = SportsEvents.xcdatamodel; sourceTree = "<group>"; };
		CA7CC4B12BF226A6005F7ABF /* Assets.xcassets */ = {isa = PBXFileReference; lastKnownFileType = folder.assetcatalog; path = Assets.xcassets; sourceTree = "<group>"; };
		CA7CC4B42BF226A6005F7ABF /* Base */ = {isa = PBXFileReference; lastKnownFileType = file.storyboard; name = Base; path = Base.lproj/LaunchScreen.storyboard; sourceTree = "<group>"; };
		CA7CC4B62BF226A6005F7ABF /* Info.plist */ = {isa = PBXFileReference; lastKnownFileType = text.plist.xml; path = Info.plist; sourceTree = "<group>"; };
		CA7CC4BB2BF226A7005F7ABF /* SportsEventsTests.xctest */ = {isa = PBXFileReference; explicitFileType = wrapper.cfbundle; includeInIndex = 0; path = SportsEventsTests.xctest; sourceTree = BUILT_PRODUCTS_DIR; };
		CA7CC4BF2BF226A7005F7ABF /* SportsEventsTests.swift */ = {isa = PBXFileReference; lastKnownFileType = sourcecode.swift; path = SportsEventsTests.swift; sourceTree = "<group>"; };
		CA7CC4C52BF226A7005F7ABF /* SportsEventsUITests.xctest */ = {isa = PBXFileReference; explicitFileType = wrapper.cfbundle; includeInIndex = 0; path = SportsEventsUITests.xctest; sourceTree = BUILT_PRODUCTS_DIR; };
		CA7CC4C92BF226A7005F7ABF /* SportsEventsUITests.swift */ = {isa = PBXFileReference; lastKnownFileType = sourcecode.swift; path = SportsEventsUITests.swift; sourceTree = "<group>"; };
		CA7CC4CB2BF226A7005F7ABF /* SportsEventsUITestsLaunchTests.swift */ = {isa = PBXFileReference; lastKnownFileType = sourcecode.swift; path = SportsEventsUITestsLaunchTests.swift; sourceTree = "<group>"; };
		CA7CC4EF2BF2332C005F7ABF /* LeagueDetailsViewController.swift */ = {isa = PBXFileReference; lastKnownFileType = sourcecode.swift; path = LeagueDetailsViewController.swift; sourceTree = "<group>"; };
		CA7CC4F32BF23361005F7ABF /* LeagueDetailsViewModel.swift */ = {isa = PBXFileReference; lastKnownFileType = sourcecode.swift; path = LeagueDetailsViewModel.swift; sourceTree = "<group>"; };
		CA7CC4F72BF23C4F005F7ABF /* API_URLs.swift */ = {isa = PBXFileReference; lastKnownFileType = sourcecode.swift; name = API_URLs.swift; path = SportsEvents/Modules/LeagueDetails/viewModel/API_URLs.swift; sourceTree = SOURCE_ROOT; };
		CA7CC4F92BF23C66005F7ABF /* ApiService.swift */ = {isa = PBXFileReference; lastKnownFileType = sourcecode.swift; name = ApiService.swift; path = SportsEvents/Modules/LeagueDetails/viewModel/ApiService.swift; sourceTree = SOURCE_ROOT; };
		CA7CC4FB2BF23C78005F7ABF /* SportsApi.swift */ = {isa = PBXFileReference; lastKnownFileType = sourcecode.swift; name = SportsApi.swift; path = SportsEvents/Modules/LeagueDetails/viewModel/SportsApi.swift; sourceTree = SOURCE_ROOT; };
		CA7CC4FD2BF23CDC005F7ABF /* EventsResponse.swift */ = {isa = PBXFileReference; lastKnownFileType = sourcecode.swift; path = EventsResponse.swift; sourceTree = "<group>"; };
		CA7CC5012BF2469A005F7ABF /* TeamResponse.swift */ = {isa = PBXFileReference; lastKnownFileType = sourcecode.swift; path = TeamResponse.swift; sourceTree = "<group>"; };
		CA7CC5032BF24E89005F7ABF /* UpComingEventsCollectionViewCell.swift */ = {isa = PBXFileReference; lastKnownFileType = sourcecode.swift; path = UpComingEventsCollectionViewCell.swift; sourceTree = "<group>"; };
		CAEC325E2BF3AEC200AA604D /* LatestResultsCollectionViewCell.swift */ = {isa = PBXFileReference; lastKnownFileType = sourcecode.swift; path = LatestResultsCollectionViewCell.swift; sourceTree = "<group>"; };
/* End PBXFileReference section */

/* Begin PBXFrameworksBuildPhase section */
		CA7CC49F2BF226A4005F7ABF /* Frameworks */ = {
			isa = PBXFrameworksBuildPhase;
			buildActionMask = 2147483647;
			files = (
				CA7CC4E22BF22A49005F7ABF /* Kingfisher in Frameworks */,
				CA7CC4DA2BF22A1F005F7ABF /* Alamofire in Frameworks */,
				CA7CC4DF2BF22A30005F7ABF /* Reachability in Frameworks */,
				CA7CC4DC2BF22A1F005F7ABF /* AlamofireDynamic in Frameworks */,
			);
			runOnlyForDeploymentPostprocessing = 0;
		};
		CA7CC4B82BF226A7005F7ABF /* Frameworks */ = {
			isa = PBXFrameworksBuildPhase;
			buildActionMask = 2147483647;
			files = (
			);
			runOnlyForDeploymentPostprocessing = 0;
		};
		CA7CC4C22BF226A7005F7ABF /* Frameworks */ = {
			isa = PBXFrameworksBuildPhase;
			buildActionMask = 2147483647;
			files = (
			);
			runOnlyForDeploymentPostprocessing = 0;
		};
/* End PBXFrameworksBuildPhase section */

/* Begin PBXGroup section */
		C605E8EB2BF233580096ABB7 /* Remote */ = {
			isa = PBXGroup;
			children = (
				CA7CC4F72BF23C4F005F7ABF /* API_URLs.swift */,
				CA7CC4F92BF23C66005F7ABF /* ApiService.swift */,
				CA7CC4FB2BF23C78005F7ABF /* SportsApi.swift */,
			);
			path = Remote;
			sourceTree = "<group>";
		};
		C605E8EC2BF233630096ABB7 /* Local */ = {
			isa = PBXGroup;
			children = (
				C605E91B2BF252EB0096ABB7 /* LocalDataSource.swift */,
				C605E9232BF255AD0096ABB7 /* SportsLocalDataSource.swift */,
			);
			path = Local;
			sourceTree = "<group>";
		};
		C605E8ED2BF233740096ABB7 /* Model */ = {
			isa = PBXGroup;
			children = (
				C605E8EE2BF2338D0096ABB7 /* Sport.swift */,
				CA7CC4FD2BF23CDC005F7ABF /* EventsResponse.swift */,
				CA7CC5012BF2469A005F7ABF /* TeamResponse.swift */,
				C605E91F2BF253CA0096ABB7 /* League.swift */,
				C605E9212BF253E80096ABB7 /* Leagues.swift */,
			);
			path = Model;
			sourceTree = "<group>";
		};
		C605E8F42BF234100096ABB7 /* Sport */ = {
			isa = PBXGroup;
			children = (
				C605E8F72BF2343C0096ABB7 /* Data */,
				C605E8F62BF234310096ABB7 /* ViewModel */,
				C605E8F52BF234280096ABB7 /* View */,
			);
			name = Sport;
			path = SportsEvents/Modules/Sport;
			sourceTree = "<group>";
		};
		C605E8F52BF234280096ABB7 /* View */ = {
			isa = PBXGroup;
			children = (
				CA7CC4A92BF226A4005F7ABF /* SportsViewController.swift */,
				C605E90F2BF24C630096ABB7 /* SportsCollectionViewCell.swift */,
				C605E9102BF24C630096ABB7 /* SportsCollectionViewCell.xib */,
			);
			name = View;
			path = SportsEvents/Modules/SportsEvents/Modules/Sport/View;
			sourceTree = "<group>";
		};
		C605E8F62BF234310096ABB7 /* ViewModel */ = {
			isa = PBXGroup;
			children = (
				C605E8FC2BF234BA0096ABB7 /* SportsViewModel.swift */,
			);
			path = ViewModel;
			sourceTree = "<group>";
		};
		C605E8F72BF2343C0096ABB7 /* Data */ = {
			isa = PBXGroup;
			children = (
				C605E8F82BF234850096ABB7 /* SportsDataSource.swift */,
				C605E8FA2BF234A20096ABB7 /* LocalSportsDataSource.swift */,
			);
			path = Data;
			sourceTree = "<group>";
		};
		C605E9132BF252270096ABB7 /* Leagues */ = {
			isa = PBXGroup;
			children = (
				C605E9152BF2523D0096ABB7 /* ViewModel */,
				C605E9142BF252350096ABB7 /* View */,
			);
			path = Leagues;
			sourceTree = "<group>";
		};
		C605E9142BF252350096ABB7 /* View */ = {
			isa = PBXGroup;
			children = (
				C605E9172BF252A00096ABB7 /* LeaguesViewController.swift */,
				C605E9292BF25A220096ABB7 /* LeagueTableViewCell.swift */,
				C605E92A2BF25A220096ABB7 /* LeagueTableViewCell.xib */,
			);
			path = View;
			sourceTree = "<group>";
		};
		C605E9152BF2523D0096ABB7 /* ViewModel */ = {
			isa = PBXGroup;
			children = (
				C605E9192BF252BF0096ABB7 /* LeaguesViewModel.swift */,
			);
			path = ViewModel;
			sourceTree = "<group>";
		};
		C605E93F2BF26E230096ABB7 /* Team */ = {
			isa = PBXGroup;
			children = (
				C605E9412BF26E4F0096ABB7 /* ViewModel */,
				C605E9402BF26E490096ABB7 /* View */,
			);
			path = Team;
			sourceTree = "<group>";
		};
		C605E9402BF26E490096ABB7 /* View */ = {
			isa = PBXGroup;
			children = (
				C605E9462BF26ECA0096ABB7 /* TeamViewController.swift */,
			);
			path = View;
			sourceTree = "<group>";
		};
		C605E9412BF26E4F0096ABB7 /* ViewModel */ = {
			isa = PBXGroup;
			children = (
				C605E9432BF26E7D0096ABB7 /* TeamViewModel.swift */,
			);
			path = ViewModel;
			sourceTree = "<group>";
		};
		CA7CC4992BF226A4005F7ABF = {
			isa = PBXGroup;
			children = (
				CA7CC4A42BF226A4005F7ABF /* SportsEvents */,
				CA7CC4BE2BF226A7005F7ABF /* SportsEventsTests */,
				CA7CC4C82BF226A7005F7ABF /* SportsEventsUITests */,
				CA7CC4A32BF226A4005F7ABF /* Products */,
			);
			sourceTree = "<group>";
		};
		CA7CC4A32BF226A4005F7ABF /* Products */ = {
			isa = PBXGroup;
			children = (
				CA7CC4A22BF226A4005F7ABF /* SportsEvents.app */,
				CA7CC4BB2BF226A7005F7ABF /* SportsEventsTests.xctest */,
				CA7CC4C52BF226A7005F7ABF /* SportsEventsUITests.xctest */,
			);
			name = Products;
			sourceTree = "<group>";
		};
		CA7CC4A42BF226A4005F7ABF /* SportsEvents */ = {
			isa = PBXGroup;
			children = (
				CA7CC4EC2BF22BAF005F7ABF /* Delegate */,
				CA7CC4EB2BF22B8D005F7ABF /* DI */,
				CA7CC4EA2BF22B87005F7ABF /* View */,
				CA7CC4E92BF22B80005F7ABF /* Data */,
				CA7CC4E82BF22B79005F7ABF /* Modules */,
				CA7CC4B12BF226A6005F7ABF /* Assets.xcassets */,
				CA7CC4B62BF226A6005F7ABF /* Info.plist */,
				CA7CC4AE2BF226A4005F7ABF /* SportsEvents.xcdatamodeld */,
			);
			path = SportsEvents;
			sourceTree = "<group>";
		};
		CA7CC4BE2BF226A7005F7ABF /* SportsEventsTests */ = {
			isa = PBXGroup;
			children = (
				CA7CC4BF2BF226A7005F7ABF /* SportsEventsTests.swift */,
				C686CE5E2BF4ED7500198EBA /* MockNetworkService.swift */,
				C686CE602BF4EECF00198EBA /* TestLeaguesMocking.swift */,
			);
			path = SportsEventsTests;
			sourceTree = "<group>";
		};
		CA7CC4C82BF226A7005F7ABF /* SportsEventsUITests */ = {
			isa = PBXGroup;
			children = (
				CA7CC4C92BF226A7005F7ABF /* SportsEventsUITests.swift */,
				CA7CC4CB2BF226A7005F7ABF /* SportsEventsUITestsLaunchTests.swift */,
			);
			path = SportsEventsUITests;
			sourceTree = "<group>";
		};
		CA7CC4E82BF22B79005F7ABF /* Modules */ = {
			isa = PBXGroup;
			children = (
				C605E93F2BF26E230096ABB7 /* Team */,
				C605E9132BF252270096ABB7 /* Leagues */,
				CA7CC4EE2BF23306005F7ABF /* LeagueDetails */,
				C605E8F42BF234100096ABB7 /* Sport */,
			);
			path = Modules;
			sourceTree = "<group>";
		};
		CA7CC4E92BF22B80005F7ABF /* Data */ = {
			isa = PBXGroup;
			children = (
				C605E8ED2BF233740096ABB7 /* Model */,
				C605E8EC2BF233630096ABB7 /* Local */,
				C605E8EB2BF233580096ABB7 /* Remote */,
			);
			path = Data;
			sourceTree = "<group>";
		};
		CA7CC4EA2BF22B87005F7ABF /* View */ = {
			isa = PBXGroup;
			children = (
				CA7CC4AB2BF226A4005F7ABF /* Main.storyboard */,
				CA7CC4B32BF226A6005F7ABF /* LaunchScreen.storyboard */,
			);
			path = View;
			sourceTree = "<group>";
		};
		CA7CC4EB2BF22B8D005F7ABF /* DI */ = {
			isa = PBXGroup;
			children = (
				C605E9062BF237960096ABB7 /* SportsDependencyProvider.swift */,
			);
			path = DI;
			sourceTree = "<group>";
		};
		CA7CC4EC2BF22BAF005F7ABF /* Delegate */ = {
			isa = PBXGroup;
			children = (
				CA7CC4A52BF226A4005F7ABF /* AppDelegate.swift */,
				CA7CC4A72BF226A4005F7ABF /* SceneDelegate.swift */,
			);
			path = Delegate;
			sourceTree = "<group>";
		};
		CA7CC4EE2BF23306005F7ABF /* LeagueDetails */ = {
			isa = PBXGroup;
			children = (
				CA7CC4F22BF23349005F7ABF /* viewModel */,
				CA7CC4F12BF23333005F7ABF /* View */,
			);
			path = LeagueDetails;
			sourceTree = "<group>";
		};
		CA7CC4F12BF23333005F7ABF /* View */ = {
			isa = PBXGroup;
			children = (
				CA7CC4EF2BF2332C005F7ABF /* LeagueDetailsViewController.swift */,
				CAEC325D2BF3AE5700AA604D /* CustomCell */,
			);
			path = View;
			sourceTree = "<group>";
		};
		CA7CC4F22BF23349005F7ABF /* viewModel */ = {
			isa = PBXGroup;
			children = (
				CA7CC4F32BF23361005F7ABF /* LeagueDetailsViewModel.swift */,
			);
			path = viewModel;
			sourceTree = "<group>";
		};
		CAEC325D2BF3AE5700AA604D /* CustomCell */ = {
			isa = PBXGroup;
			children = (
				CA7CC5032BF24E89005F7ABF /* UpComingEventsCollectionViewCell.swift */,
				CAEC325E2BF3AEC200AA604D /* LatestResultsCollectionViewCell.swift */,
				CA66B0772BF4B8BC005ABAC9 /* TeamsCollectionViewCell.swift */,
			);
			path = CustomCell;
			sourceTree = "<group>";
		};
/* End PBXGroup section */

/* Begin PBXNativeTarget section */
		CA7CC4A12BF226A4005F7ABF /* SportsEvents */ = {
			isa = PBXNativeTarget;
			buildConfigurationList = CA7CC4CF2BF226A7005F7ABF /* Build configuration list for PBXNativeTarget "SportsEvents" */;
			buildPhases = (
				CA7CC49E2BF226A4005F7ABF /* Sources */,
				CA7CC49F2BF226A4005F7ABF /* Frameworks */,
				CA7CC4A02BF226A4005F7ABF /* Resources */,
			);
			buildRules = (
			);
			dependencies = (
			);
			name = SportsEvents;
			packageProductDependencies = (
				CA7CC4D92BF22A1F005F7ABF /* Alamofire */,
				CA7CC4DB2BF22A1F005F7ABF /* AlamofireDynamic */,
				CA7CC4DE2BF22A30005F7ABF /* Reachability */,
				CA7CC4E12BF22A49005F7ABF /* Kingfisher */,
			);
			productName = SportsEvents;
			productReference = CA7CC4A22BF226A4005F7ABF /* SportsEvents.app */;
			productType = "com.apple.product-type.application";
		};
		CA7CC4BA2BF226A7005F7ABF /* SportsEventsTests */ = {
			isa = PBXNativeTarget;
			buildConfigurationList = CA7CC4D22BF226A7005F7ABF /* Build configuration list for PBXNativeTarget "SportsEventsTests" */;
			buildPhases = (
				CA7CC4B72BF226A7005F7ABF /* Sources */,
				CA7CC4B82BF226A7005F7ABF /* Frameworks */,
				CA7CC4B92BF226A7005F7ABF /* Resources */,
			);
			buildRules = (
			);
			dependencies = (
				CA7CC4BD2BF226A7005F7ABF /* PBXTargetDependency */,
			);
			name = SportsEventsTests;
			productName = SportsEventsTests;
			productReference = CA7CC4BB2BF226A7005F7ABF /* SportsEventsTests.xctest */;
			productType = "com.apple.product-type.bundle.unit-test";
		};
		CA7CC4C42BF226A7005F7ABF /* SportsEventsUITests */ = {
			isa = PBXNativeTarget;
			buildConfigurationList = CA7CC4D52BF226A7005F7ABF /* Build configuration list for PBXNativeTarget "SportsEventsUITests" */;
			buildPhases = (
				CA7CC4C12BF226A7005F7ABF /* Sources */,
				CA7CC4C22BF226A7005F7ABF /* Frameworks */,
				CA7CC4C32BF226A7005F7ABF /* Resources */,
			);
			buildRules = (
			);
			dependencies = (
				CA7CC4C72BF226A7005F7ABF /* PBXTargetDependency */,
			);
			name = SportsEventsUITests;
			productName = SportsEventsUITests;
			productReference = CA7CC4C52BF226A7005F7ABF /* SportsEventsUITests.xctest */;
			productType = "com.apple.product-type.bundle.ui-testing";
		};
/* End PBXNativeTarget section */

/* Begin PBXProject section */
		CA7CC49A2BF226A4005F7ABF /* Project object */ = {
			isa = PBXProject;
			attributes = {
				BuildIndependentTargetsInParallel = 1;
				LastSwiftUpdateCheck = 1530;
				LastUpgradeCheck = 1530;
				TargetAttributes = {
					CA7CC4A12BF226A4005F7ABF = {
						CreatedOnToolsVersion = 15.3;
					};
					CA7CC4BA2BF226A7005F7ABF = {
						CreatedOnToolsVersion = 15.3;
						TestTargetID = CA7CC4A12BF226A4005F7ABF;
					};
					CA7CC4C42BF226A7005F7ABF = {
						CreatedOnToolsVersion = 15.3;
						TestTargetID = CA7CC4A12BF226A4005F7ABF;
					};
				};
			};
			buildConfigurationList = CA7CC49D2BF226A4005F7ABF /* Build configuration list for PBXProject "SportsEvents" */;
			compatibilityVersion = "Xcode 14.0";
			developmentRegion = en;
			hasScannedForEncodings = 0;
			knownRegions = (
				en,
				Base,
			);
			mainGroup = CA7CC4992BF226A4005F7ABF;
			packageReferences = (
				CA7CC4D82BF22A1F005F7ABF /* XCRemoteSwiftPackageReference "Alamofire" */,
				CA7CC4DD2BF22A30005F7ABF /* XCRemoteSwiftPackageReference "Reachability" */,
				CA7CC4E02BF22A49005F7ABF /* XCRemoteSwiftPackageReference "Kingfisher" */,
			);
			productRefGroup = CA7CC4A32BF226A4005F7ABF /* Products */;
			projectDirPath = "";
			projectRoot = "";
			targets = (
				CA7CC4A12BF226A4005F7ABF /* SportsEvents */,
				CA7CC4BA2BF226A7005F7ABF /* SportsEventsTests */,
				CA7CC4C42BF226A7005F7ABF /* SportsEventsUITests */,
			);
		};
/* End PBXProject section */

/* Begin PBXResourcesBuildPhase section */
		CA7CC4A02BF226A4005F7ABF /* Resources */ = {
			isa = PBXResourcesBuildPhase;
			buildActionMask = 2147483647;
			files = (
				CA7CC4B22BF226A6005F7ABF /* Assets.xcassets in Resources */,
				CA7CC4B52BF226A6005F7ABF /* Base in Resources */,
				C605E92B2BF25A220096ABB7 /* LeagueTableViewCell.xib in Resources */,
				CA7CC4AD2BF226A4005F7ABF /* Base in Resources */,
				C605E9112BF24C630096ABB7 /* SportsCollectionViewCell.xib in Resources */,
			);
			runOnlyForDeploymentPostprocessing = 0;
		};
		CA7CC4B92BF226A7005F7ABF /* Resources */ = {
			isa = PBXResourcesBuildPhase;
			buildActionMask = 2147483647;
			files = (
			);
			runOnlyForDeploymentPostprocessing = 0;
		};
		CA7CC4C32BF226A7005F7ABF /* Resources */ = {
			isa = PBXResourcesBuildPhase;
			buildActionMask = 2147483647;
			files = (
			);
			runOnlyForDeploymentPostprocessing = 0;
		};
/* End PBXResourcesBuildPhase section */

/* Begin PBXSourcesBuildPhase section */
		CA7CC49E2BF226A4005F7ABF /* Sources */ = {
			isa = PBXSourcesBuildPhase;
			buildActionMask = 2147483647;
			files = (
				CA7CC5022BF2469A005F7ABF /* TeamResponse.swift in Sources */,
				CA7CC4FC2BF23C78005F7ABF /* SportsApi.swift in Sources */,
				C605E8FB2BF234A20096ABB7 /* LocalSportsDataSource.swift in Sources */,
				C605E8EF2BF2338D0096ABB7 /* Sport.swift in Sources */,
				CA7CC4AA2BF226A4005F7ABF /* SportsViewController.swift in Sources */,
				CA7CC4B02BF226A4005F7ABF /* SportsEvents.xcdatamodeld in Sources */,
				CA7CC4F42BF23361005F7ABF /* LeagueDetailsViewModel.swift in Sources */,
				CA7CC5062BF24E89005F7ABF /* UpComingEventsCollectionViewCell.swift in Sources */,
				CA66B0782BF4B8BC005ABAC9 /* TeamsCollectionViewCell.swift in Sources */,
				CA7CC4FE2BF23CDC005F7ABF /* EventsResponse.swift in Sources */,
				CA7CC4F82BF23C4F005F7ABF /* API_URLs.swift in Sources */,
				CAEC325F2BF3AEC200AA604D /* LatestResultsCollectionViewCell.swift in Sources */,
				CA7CC4A62BF226A4005F7ABF /* AppDelegate.swift in Sources */,
				C605E92C2BF25A220096ABB7 /* LeagueTableViewCell.swift in Sources */,
				C605E91C2BF252EB0096ABB7 /* LocalDataSource.swift in Sources */,
				C605E9442BF26E7D0096ABB7 /* TeamViewModel.swift in Sources */,
				CA7CC4A82BF226A4005F7ABF /* SceneDelegate.swift in Sources */,
				C605E9242BF255AD0096ABB7 /* SportsLocalDataSource.swift in Sources */,
				C605E9222BF253E80096ABB7 /* Leagues.swift in Sources */,
				CA7CC4F02BF2332C005F7ABF /* LeagueDetailsViewController.swift in Sources */,
				C605E8F92BF234850096ABB7 /* SportsDataSource.swift in Sources */,
				C605E91A2BF252BF0096ABB7 /* LeaguesViewModel.swift in Sources */,
				C605E9072BF237960096ABB7 /* SportsDependencyProvider.swift in Sources */,
				C605E9122BF24C630096ABB7 /* SportsCollectionViewCell.swift in Sources */,
				CA7CC4FA2BF23C66005F7ABF /* ApiService.swift in Sources */,
				C605E8FD2BF234BA0096ABB7 /* SportsViewModel.swift in Sources */,
				C605E9182BF252A00096ABB7 /* LeaguesViewController.swift in Sources */,
				C605E9202BF253CA0096ABB7 /* League.swift in Sources */,
				C605E9472BF26ECA0096ABB7 /* TeamViewController.swift in Sources */,
			);
			runOnlyForDeploymentPostprocessing = 0;
		};
		CA7CC4B72BF226A7005F7ABF /* Sources */ = {
			isa = PBXSourcesBuildPhase;
			buildActionMask = 2147483647;
			files = (
				C686CE5F2BF4ED7500198EBA /* MockNetworkService.swift in Sources */,
				C686CE612BF4EECF00198EBA /* TestLeaguesMocking.swift in Sources */,
				CA7CC4C02BF226A7005F7ABF /* SportsEventsTests.swift in Sources */,
			);
			runOnlyForDeploymentPostprocessing = 0;
		};
		CA7CC4C12BF226A7005F7ABF /* Sources */ = {
			isa = PBXSourcesBuildPhase;
			buildActionMask = 2147483647;
			files = (
				CA7CC4CC2BF226A7005F7ABF /* SportsEventsUITestsLaunchTests.swift in Sources */,
				CA7CC4CA2BF226A7005F7ABF /* SportsEventsUITests.swift in Sources */,
			);
			runOnlyForDeploymentPostprocessing = 0;
		};
/* End PBXSourcesBuildPhase section */

/* Begin PBXTargetDependency section */
		CA7CC4BD2BF226A7005F7ABF /* PBXTargetDependency */ = {
			isa = PBXTargetDependency;
			target = CA7CC4A12BF226A4005F7ABF /* SportsEvents */;
			targetProxy = CA7CC4BC2BF226A7005F7ABF /* PBXContainerItemProxy */;
		};
		CA7CC4C72BF226A7005F7ABF /* PBXTargetDependency */ = {
			isa = PBXTargetDependency;
			target = CA7CC4A12BF226A4005F7ABF /* SportsEvents */;
			targetProxy = CA7CC4C62BF226A7005F7ABF /* PBXContainerItemProxy */;
		};
/* End PBXTargetDependency section */

/* Begin PBXVariantGroup section */
		CA7CC4AB2BF226A4005F7ABF /* Main.storyboard */ = {
			isa = PBXVariantGroup;
			children = (
				CA7CC4AC2BF226A4005F7ABF /* Base */,
			);
			name = Main.storyboard;
			sourceTree = "<group>";
		};
		CA7CC4B32BF226A6005F7ABF /* LaunchScreen.storyboard */ = {
			isa = PBXVariantGroup;
			children = (
				CA7CC4B42BF226A6005F7ABF /* Base */,
			);
			name = LaunchScreen.storyboard;
			sourceTree = "<group>";
		};
/* End PBXVariantGroup section */

/* Begin XCBuildConfiguration section */
		CA7CC4CD2BF226A7005F7ABF /* Debug */ = {
			isa = XCBuildConfiguration;
			buildSettings = {
				ALWAYS_SEARCH_USER_PATHS = NO;
				ASSETCATALOG_COMPILER_GENERATE_SWIFT_ASSET_SYMBOL_EXTENSIONS = YES;
				CLANG_ANALYZER_NONNULL = YES;
				CLANG_ANALYZER_NUMBER_OBJECT_CONVERSION = YES_AGGRESSIVE;
				CLANG_CXX_LANGUAGE_STANDARD = "gnu++20";
				CLANG_ENABLE_MODULES = YES;
				CLANG_ENABLE_OBJC_ARC = YES;
				CLANG_ENABLE_OBJC_WEAK = YES;
				CLANG_WARN_BLOCK_CAPTURE_AUTORELEASING = YES;
				CLANG_WARN_BOOL_CONVERSION = YES;
				CLANG_WARN_COMMA = YES;
				CLANG_WARN_CONSTANT_CONVERSION = YES;
				CLANG_WARN_DEPRECATED_OBJC_IMPLEMENTATIONS = YES;
				CLANG_WARN_DIRECT_OBJC_ISA_USAGE = YES_ERROR;
				CLANG_WARN_DOCUMENTATION_COMMENTS = YES;
				CLANG_WARN_EMPTY_BODY = YES;
				CLANG_WARN_ENUM_CONVERSION = YES;
				CLANG_WARN_INFINITE_RECURSION = YES;
				CLANG_WARN_INT_CONVERSION = YES;
				CLANG_WARN_NON_LITERAL_NULL_CONVERSION = YES;
				CLANG_WARN_OBJC_IMPLICIT_RETAIN_SELF = YES;
				CLANG_WARN_OBJC_LITERAL_CONVERSION = YES;
				CLANG_WARN_OBJC_ROOT_CLASS = YES_ERROR;
				CLANG_WARN_QUOTED_INCLUDE_IN_FRAMEWORK_HEADER = YES;
				CLANG_WARN_RANGE_LOOP_ANALYSIS = YES;
				CLANG_WARN_STRICT_PROTOTYPES = YES;
				CLANG_WARN_SUSPICIOUS_MOVE = YES;
				CLANG_WARN_UNGUARDED_AVAILABILITY = YES_AGGRESSIVE;
				CLANG_WARN_UNREACHABLE_CODE = YES;
				CLANG_WARN__DUPLICATE_METHOD_MATCH = YES;
				COPY_PHASE_STRIP = NO;
				DEBUG_INFORMATION_FORMAT = dwarf;
				ENABLE_STRICT_OBJC_MSGSEND = YES;
				ENABLE_TESTABILITY = YES;
				ENABLE_USER_SCRIPT_SANDBOXING = YES;
				GCC_C_LANGUAGE_STANDARD = gnu17;
				GCC_DYNAMIC_NO_PIC = NO;
				GCC_NO_COMMON_BLOCKS = YES;
				GCC_OPTIMIZATION_LEVEL = 0;
				GCC_PREPROCESSOR_DEFINITIONS = (
					"DEBUG=1",
					"$(inherited)",
				);
				GCC_WARN_64_TO_32_BIT_CONVERSION = YES;
				GCC_WARN_ABOUT_RETURN_TYPE = YES_ERROR;
				GCC_WARN_UNDECLARED_SELECTOR = YES;
				GCC_WARN_UNINITIALIZED_AUTOS = YES_AGGRESSIVE;
				GCC_WARN_UNUSED_FUNCTION = YES;
				GCC_WARN_UNUSED_VARIABLE = YES;
				IPHONEOS_DEPLOYMENT_TARGET = 17.4;
				LOCALIZATION_PREFERS_STRING_CATALOGS = YES;
				MTL_ENABLE_DEBUG_INFO = INCLUDE_SOURCE;
				MTL_FAST_MATH = YES;
				ONLY_ACTIVE_ARCH = YES;
				SDKROOT = iphoneos;
				SWIFT_ACTIVE_COMPILATION_CONDITIONS = "DEBUG $(inherited)";
				SWIFT_OPTIMIZATION_LEVEL = "-Onone";
			};
			name = Debug;
		};
		CA7CC4CE2BF226A7005F7ABF /* Release */ = {
			isa = XCBuildConfiguration;
			buildSettings = {
				ALWAYS_SEARCH_USER_PATHS = NO;
				ASSETCATALOG_COMPILER_GENERATE_SWIFT_ASSET_SYMBOL_EXTENSIONS = YES;
				CLANG_ANALYZER_NONNULL = YES;
				CLANG_ANALYZER_NUMBER_OBJECT_CONVERSION = YES_AGGRESSIVE;
				CLANG_CXX_LANGUAGE_STANDARD = "gnu++20";
				CLANG_ENABLE_MODULES = YES;
				CLANG_ENABLE_OBJC_ARC = YES;
				CLANG_ENABLE_OBJC_WEAK = YES;
				CLANG_WARN_BLOCK_CAPTURE_AUTORELEASING = YES;
				CLANG_WARN_BOOL_CONVERSION = YES;
				CLANG_WARN_COMMA = YES;
				CLANG_WARN_CONSTANT_CONVERSION = YES;
				CLANG_WARN_DEPRECATED_OBJC_IMPLEMENTATIONS = YES;
				CLANG_WARN_DIRECT_OBJC_ISA_USAGE = YES_ERROR;
				CLANG_WARN_DOCUMENTATION_COMMENTS = YES;
				CLANG_WARN_EMPTY_BODY = YES;
				CLANG_WARN_ENUM_CONVERSION = YES;
				CLANG_WARN_INFINITE_RECURSION = YES;
				CLANG_WARN_INT_CONVERSION = YES;
				CLANG_WARN_NON_LITERAL_NULL_CONVERSION = YES;
				CLANG_WARN_OBJC_IMPLICIT_RETAIN_SELF = YES;
				CLANG_WARN_OBJC_LITERAL_CONVERSION = YES;
				CLANG_WARN_OBJC_ROOT_CLASS = YES_ERROR;
				CLANG_WARN_QUOTED_INCLUDE_IN_FRAMEWORK_HEADER = YES;
				CLANG_WARN_RANGE_LOOP_ANALYSIS = YES;
				CLANG_WARN_STRICT_PROTOTYPES = YES;
				CLANG_WARN_SUSPICIOUS_MOVE = YES;
				CLANG_WARN_UNGUARDED_AVAILABILITY = YES_AGGRESSIVE;
				CLANG_WARN_UNREACHABLE_CODE = YES;
				CLANG_WARN__DUPLICATE_METHOD_MATCH = YES;
				COPY_PHASE_STRIP = NO;
				DEBUG_INFORMATION_FORMAT = "dwarf-with-dsym";
				ENABLE_NS_ASSERTIONS = NO;
				ENABLE_STRICT_OBJC_MSGSEND = YES;
				ENABLE_USER_SCRIPT_SANDBOXING = YES;
				GCC_C_LANGUAGE_STANDARD = gnu17;
				GCC_NO_COMMON_BLOCKS = YES;
				GCC_WARN_64_TO_32_BIT_CONVERSION = YES;
				GCC_WARN_ABOUT_RETURN_TYPE = YES_ERROR;
				GCC_WARN_UNDECLARED_SELECTOR = YES;
				GCC_WARN_UNINITIALIZED_AUTOS = YES_AGGRESSIVE;
				GCC_WARN_UNUSED_FUNCTION = YES;
				GCC_WARN_UNUSED_VARIABLE = YES;
				IPHONEOS_DEPLOYMENT_TARGET = 17.4;
				LOCALIZATION_PREFERS_STRING_CATALOGS = YES;
				MTL_ENABLE_DEBUG_INFO = NO;
				MTL_FAST_MATH = YES;
				SDKROOT = iphoneos;
				SWIFT_COMPILATION_MODE = wholemodule;
				VALIDATE_PRODUCT = YES;
			};
			name = Release;
		};
		CA7CC4D02BF226A7005F7ABF /* Debug */ = {
			isa = XCBuildConfiguration;
			buildSettings = {
				ASSETCATALOG_COMPILER_APPICON_NAME = AppIcon;
				ASSETCATALOG_COMPILER_GLOBAL_ACCENT_COLOR_NAME = AccentColor;
				CODE_SIGN_STYLE = Automatic;
				CURRENT_PROJECT_VERSION = 1;
				GENERATE_INFOPLIST_FILE = YES;
				INFOPLIST_FILE = SportsEvents/Info.plist;
				INFOPLIST_KEY_UIApplicationSupportsIndirectInputEvents = YES;
				INFOPLIST_KEY_UILaunchStoryboardName = LaunchScreen;
				INFOPLIST_KEY_UIMainStoryboardFile = Main;
				INFOPLIST_KEY_UISupportedInterfaceOrientations_iPad = "UIInterfaceOrientationPortrait UIInterfaceOrientationPortraitUpsideDown UIInterfaceOrientationLandscapeLeft UIInterfaceOrientationLandscapeRight";
				INFOPLIST_KEY_UISupportedInterfaceOrientations_iPhone = "UIInterfaceOrientationPortrait UIInterfaceOrientationLandscapeLeft UIInterfaceOrientationLandscapeRight";
				LD_RUNPATH_SEARCH_PATHS = (
					"$(inherited)",
					"@executable_path/Frameworks",
				);
				MARKETING_VERSION = 1.0;
				PRODUCT_BUNDLE_IDENTIFIER = non.SportsEvents;
				PRODUCT_NAME = "$(TARGET_NAME)";
				SWIFT_EMIT_LOC_STRINGS = YES;
				SWIFT_VERSION = 5.0;
				TARGETED_DEVICE_FAMILY = "1,2";
			};
			name = Debug;
		};
		CA7CC4D12BF226A7005F7ABF /* Release */ = {
			isa = XCBuildConfiguration;
			buildSettings = {
				ASSETCATALOG_COMPILER_APPICON_NAME = AppIcon;
				ASSETCATALOG_COMPILER_GLOBAL_ACCENT_COLOR_NAME = AccentColor;
				CODE_SIGN_STYLE = Automatic;
				CURRENT_PROJECT_VERSION = 1;
				GENERATE_INFOPLIST_FILE = YES;
				INFOPLIST_FILE = SportsEvents/Info.plist;
				INFOPLIST_KEY_UIApplicationSupportsIndirectInputEvents = YES;
				INFOPLIST_KEY_UILaunchStoryboardName = LaunchScreen;
				INFOPLIST_KEY_UIMainStoryboardFile = Main;
				INFOPLIST_KEY_UISupportedInterfaceOrientations_iPad = "UIInterfaceOrientationPortrait UIInterfaceOrientationPortraitUpsideDown UIInterfaceOrientationLandscapeLeft UIInterfaceOrientationLandscapeRight";
				INFOPLIST_KEY_UISupportedInterfaceOrientations_iPhone = "UIInterfaceOrientationPortrait UIInterfaceOrientationLandscapeLeft UIInterfaceOrientationLandscapeRight";
				LD_RUNPATH_SEARCH_PATHS = (
					"$(inherited)",
					"@executable_path/Frameworks",
				);
				MARKETING_VERSION = 1.0;
				PRODUCT_BUNDLE_IDENTIFIER = non.SportsEvents;
				PRODUCT_NAME = "$(TARGET_NAME)";
				SWIFT_EMIT_LOC_STRINGS = YES;
				SWIFT_VERSION = 5.0;
				TARGETED_DEVICE_FAMILY = "1,2";
			};
			name = Release;
		};
		CA7CC4D32BF226A7005F7ABF /* Debug */ = {
			isa = XCBuildConfiguration;
			buildSettings = {
				ALWAYS_EMBED_SWIFT_STANDARD_LIBRARIES = YES;
				BUNDLE_LOADER = "$(TEST_HOST)";
				CODE_SIGN_STYLE = Automatic;
				CURRENT_PROJECT_VERSION = 1;
				GENERATE_INFOPLIST_FILE = YES;
				IPHONEOS_DEPLOYMENT_TARGET = 17.4;
				MARKETING_VERSION = 1.0;
				PRODUCT_BUNDLE_IDENTIFIER = non.SportsEventsTests;
				PRODUCT_NAME = "$(TARGET_NAME)";
				SWIFT_EMIT_LOC_STRINGS = NO;
				SWIFT_VERSION = 5.0;
				TARGETED_DEVICE_FAMILY = "1,2";
				TEST_HOST = "$(BUILT_PRODUCTS_DIR)/SportsEvents.app/$(BUNDLE_EXECUTABLE_FOLDER_PATH)/SportsEvents";
			};
			name = Debug;
		};
		CA7CC4D42BF226A7005F7ABF /* Release */ = {
			isa = XCBuildConfiguration;
			buildSettings = {
				ALWAYS_EMBED_SWIFT_STANDARD_LIBRARIES = YES;
				BUNDLE_LOADER = "$(TEST_HOST)";
				CODE_SIGN_STYLE = Automatic;
				CURRENT_PROJECT_VERSION = 1;
				GENERATE_INFOPLIST_FILE = YES;
				IPHONEOS_DEPLOYMENT_TARGET = 17.4;
				MARKETING_VERSION = 1.0;
				PRODUCT_BUNDLE_IDENTIFIER = non.SportsEventsTests;
				PRODUCT_NAME = "$(TARGET_NAME)";
				SWIFT_EMIT_LOC_STRINGS = NO;
				SWIFT_VERSION = 5.0;
				TARGETED_DEVICE_FAMILY = "1,2";
				TEST_HOST = "$(BUILT_PRODUCTS_DIR)/SportsEvents.app/$(BUNDLE_EXECUTABLE_FOLDER_PATH)/SportsEvents";
			};
			name = Release;
		};
		CA7CC4D62BF226A7005F7ABF /* Debug */ = {
			isa = XCBuildConfiguration;
			buildSettings = {
				ALWAYS_EMBED_SWIFT_STANDARD_LIBRARIES = YES;
				CODE_SIGN_STYLE = Automatic;
				CURRENT_PROJECT_VERSION = 1;
				GENERATE_INFOPLIST_FILE = YES;
				MARKETING_VERSION = 1.0;
				PRODUCT_BUNDLE_IDENTIFIER = non.SportsEventsUITests;
				PRODUCT_NAME = "$(TARGET_NAME)";
				SWIFT_EMIT_LOC_STRINGS = NO;
				SWIFT_VERSION = 5.0;
				TARGETED_DEVICE_FAMILY = "1,2";
				TEST_TARGET_NAME = SportsEvents;
			};
			name = Debug;
		};
		CA7CC4D72BF226A7005F7ABF /* Release */ = {
			isa = XCBuildConfiguration;
			buildSettings = {
				ALWAYS_EMBED_SWIFT_STANDARD_LIBRARIES = YES;
				CODE_SIGN_STYLE = Automatic;
				CURRENT_PROJECT_VERSION = 1;
				GENERATE_INFOPLIST_FILE = YES;
				MARKETING_VERSION = 1.0;
				PRODUCT_BUNDLE_IDENTIFIER = non.SportsEventsUITests;
				PRODUCT_NAME = "$(TARGET_NAME)";
				SWIFT_EMIT_LOC_STRINGS = NO;
				SWIFT_VERSION = 5.0;
				TARGETED_DEVICE_FAMILY = "1,2";
				TEST_TARGET_NAME = SportsEvents;
			};
			name = Release;
		};
/* End XCBuildConfiguration section */

/* Begin XCConfigurationList section */
		CA7CC49D2BF226A4005F7ABF /* Build configuration list for PBXProject "SportsEvents" */ = {
			isa = XCConfigurationList;
			buildConfigurations = (
				CA7CC4CD2BF226A7005F7ABF /* Debug */,
				CA7CC4CE2BF226A7005F7ABF /* Release */,
			);
			defaultConfigurationIsVisible = 0;
			defaultConfigurationName = Release;
		};
		CA7CC4CF2BF226A7005F7ABF /* Build configuration list for PBXNativeTarget "SportsEvents" */ = {
			isa = XCConfigurationList;
			buildConfigurations = (
				CA7CC4D02BF226A7005F7ABF /* Debug */,
				CA7CC4D12BF226A7005F7ABF /* Release */,
			);
			defaultConfigurationIsVisible = 0;
			defaultConfigurationName = Release;
		};
		CA7CC4D22BF226A7005F7ABF /* Build configuration list for PBXNativeTarget "SportsEventsTests" */ = {
			isa = XCConfigurationList;
			buildConfigurations = (
				CA7CC4D32BF226A7005F7ABF /* Debug */,
				CA7CC4D42BF226A7005F7ABF /* Release */,
			);
			defaultConfigurationIsVisible = 0;
			defaultConfigurationName = Release;
		};
		CA7CC4D52BF226A7005F7ABF /* Build configuration list for PBXNativeTarget "SportsEventsUITests" */ = {
			isa = XCConfigurationList;
			buildConfigurations = (
				CA7CC4D62BF226A7005F7ABF /* Debug */,
				CA7CC4D72BF226A7005F7ABF /* Release */,
			);
			defaultConfigurationIsVisible = 0;
			defaultConfigurationName = Release;
		};
/* End XCConfigurationList section */

/* Begin XCRemoteSwiftPackageReference section */
		CA7CC4D82BF22A1F005F7ABF /* XCRemoteSwiftPackageReference "Alamofire" */ = {
			isa = XCRemoteSwiftPackageReference;
			repositoryURL = "https://github.com/Alamofire/Alamofire";
			requirement = {
				kind = upToNextMajorVersion;
				minimumVersion = 5.9.1;
			};
		};
		CA7CC4DD2BF22A30005F7ABF /* XCRemoteSwiftPackageReference "Reachability" */ = {
			isa = XCRemoteSwiftPackageReference;
			repositoryURL = "https://github.com/ashleymills/Reachability.swift";
			requirement = {
				branch = master;
				kind = branch;
			};
		};
		CA7CC4E02BF22A49005F7ABF /* XCRemoteSwiftPackageReference "Kingfisher" */ = {
			isa = XCRemoteSwiftPackageReference;
			repositoryURL = "https://github.com/onevcat/Kingfisher";
			requirement = {
				kind = upToNextMajorVersion;
				minimumVersion = 7.11.0;
			};
		};
/* End XCRemoteSwiftPackageReference section */

/* Begin XCSwiftPackageProductDependency section */
		CA7CC4D92BF22A1F005F7ABF /* Alamofire */ = {
			isa = XCSwiftPackageProductDependency;
			package = CA7CC4D82BF22A1F005F7ABF /* XCRemoteSwiftPackageReference "Alamofire" */;
			productName = Alamofire;
		};
		CA7CC4DB2BF22A1F005F7ABF /* AlamofireDynamic */ = {
			isa = XCSwiftPackageProductDependency;
			package = CA7CC4D82BF22A1F005F7ABF /* XCRemoteSwiftPackageReference "Alamofire" */;
			productName = AlamofireDynamic;
		};
		CA7CC4DE2BF22A30005F7ABF /* Reachability */ = {
			isa = XCSwiftPackageProductDependency;
			package = CA7CC4DD2BF22A30005F7ABF /* XCRemoteSwiftPackageReference "Reachability" */;
			productName = Reachability;
		};
		CA7CC4E12BF22A49005F7ABF /* Kingfisher */ = {
			isa = XCSwiftPackageProductDependency;
			package = CA7CC4E02BF22A49005F7ABF /* XCRemoteSwiftPackageReference "Kingfisher" */;
			productName = Kingfisher;
		};
/* End XCSwiftPackageProductDependency section */

/* Begin XCVersionGroup section */
		CA7CC4AE2BF226A4005F7ABF /* SportsEvents.xcdatamodeld */ = {
			isa = XCVersionGroup;
			children = (
				CA7CC4AF2BF226A4005F7ABF /* SportsEvents.xcdatamodel */,
			);
			currentVersion = CA7CC4AF2BF226A4005F7ABF /* SportsEvents.xcdatamodel */;
			path = SportsEvents.xcdatamodeld;
			sourceTree = "<group>";
			versionGroupType = wrapper.xcdatamodel;
		};
/* End XCVersionGroup section */
	};
	rootObject = CA7CC49A2BF226A4005F7ABF /* Project object */;
}
